
Microsoft Visual Studio Solution File, Format Version 12.00
# Visual Studio Version 17
VisualStudioVersion = 17.14.37012.4 d17.14
MinimumVisualStudioVersion = 10.0.40219.1
Project("{FAE04EC0-301F-11D3-BF4B-00C04F79EFBC}") = "Pachyderm_Acoustic_Universal", "Pachyderm_Acoustic_Universal\Pachyderm_Acoustic_Universal.csproj", "{95032BC9-057A-42E1-A698-82A64DB1A360}"
EndProject
Project("{FAE04EC0-301F-11D3-BF4B-00C04F79EFBC}") = "Hare", "..\..\Hare\Hare.csproj", "{B9FE37AF-59E4-0599-0A0A-4CFB702318AD}"
EndProject
Global
	GlobalSection(SolutionConfigurationPlatforms) = preSolution
		Debug|Any CPU = Debug|Any CPU
		Release|Any CPU = Release|Any CPU
	EndGlobalSection
	GlobalSection(ProjectConfigurationPlatforms) = postSolution
		{95032BC9-057A-42E1-A698-82A64DB1A360}.Debug|Any CPU.ActiveCfg = Debug|Any CPU
		{95032BC9-057A-42E1-A698-82A64DB1A360}.Debug|Any CPU.Build.0 = Debug|Any CPU
		{95032BC9-057A-42E1-A698-82A64DB1A360}.Release|Any CPU.ActiveCfg = Release|Any CPU
		{95032BC9-057A-42E1-A698-82A64DB1A360}.Release|Any CPU.Build.0 = Release|Any CPU
		{B9FE37AF-59E4-0599-0A0A-4CFB702318AD}.Debug|Any CPU.ActiveCfg = Debug|Any CPU
		{B9FE37AF-59E4-0599-0A0A-4CFB702318AD}.Debug|Any CPU.Build.0 = Debug|Any CPU
		{B9FE37AF-59E4-0599-0A0A-4CFB702318AD}.Release|Any CPU.ActiveCfg = Release|Any CPU
		{B9FE37AF-59E4-0599-0A0A-4CFB702318AD}.Release|Any CPU.Build.0 = Release|Any CPU
	EndGlobalSection
	GlobalSection(SolutionProperties) = preSolution
		HideSolutionNode = FALSE
	EndGlobalSection
EndGlobal
